
Microsoft Visual Studio Solution File, Format Version 12.00
# Visual Studio 15
VisualStudioVersion = 15.0.26730.16
MinimumVisualStudioVersion = 10.0.40219.1
Project("{9A19103F-16F7-4668-BE54-9A1E7A4F7556}") = "BlackFriday", "BlackFriday\BlackFriday.csproj", "{55A97260-70B7-490A-9578-7BFC58C9B3D6}"
EndProject
Project("{9A19103F-16F7-4668-BE54-9A1E7A4F7556}") = "IEGEasyCreditCardService", "IEGEasyCreditCardService\IEGEasyCreditCardService.csproj", "{2E7B89A5-C69E-4D82-AD7F-25F49789B557}"
EndProject
Project("{9A19103F-16F7-4668-BE54-9A1E7A4F7556}") = "ProductServiceLocal", "ProductServiceLocal\ProductServiceLocal.csproj", "{B67CD5DE-05D5-4626-9B71-9EB553A6D81F}"
EndProject
Project("{9A19103F-16F7-4668-BE54-9A1E7A4F7556}") = "ProductServiceFile", "ProductServiceFile\ProductServiceFile.csproj", "{358966B2-00BD-42A8-AB46-11C4979D1C9F}"
EndProject
Project("{9A19103F-16F7-4668-BE54-9A1E7A4F7556}") = "PaymentService", "PaymentService\PaymentService.csproj", "{EFD8052A-C873-4A77-BBD4-218041167926}"
EndProject
Project("{9A19103F-16F7-4668-BE54-9A1E7A4F7556}") = "SecretService", "SecretService\SecretService.csproj", "{FD27CCBE-ABA5-4F00-9A69-5A3A6E45E04D}"
EndProject
Project("{9A19103F-16F7-4668-BE54-9A1E7A4F7556}") = "EvaluationService", "EvaluationService\EvaluationService.csproj", "{EC6AE11A-A31D-4076-9914-C68CC333986D}"
EndProject
Project("{9A19103F-16F7-4668-BE54-9A1E7A4F7556}") = "PublishService", "PublishService\PublishService.csproj", "{C8C5D36D-BE57-4596-97BC-D747F934B39E}"
EndProject
Project("{FAE04EC0-301F-11D3-BF4B-00C04F79EFBC}") = "StorageService", "StorageService\StorageService.csproj", "{7291A6FE-858F-4ABC-8FE4-543083AE6EA4}"
EndProject
Project("{FAE04EC0-301F-11D3-BF4B-00C04F79EFBC}") = "ConfigurationService", "ConfigurationService\ConfigurationService.csproj", "{3318EBAA-85D2-457D-98C3-6A9139160DF7}"
EndProject
Project("{FAE04EC0-301F-11D3-BF4B-00C04F79EFBC}") = "CreationService", "CreationService\CreationService.csproj", "{C826340A-31C9-4CF8-9256-0B4F9C62126B}"
EndProject
Global
	GlobalSection(SolutionConfigurationPlatforms) = preSolution
		Debug|Any CPU = Debug|Any CPU
		Release|Any CPU = Release|Any CPU
	EndGlobalSection
	GlobalSection(ProjectConfigurationPlatforms) = postSolution
		{55A97260-70B7-490A-9578-7BFC58C9B3D6}.Debug|Any CPU.ActiveCfg = Debug|Any CPU
		{55A97260-70B7-490A-9578-7BFC58C9B3D6}.Debug|Any CPU.Build.0 = Debug|Any CPU
		{55A97260-70B7-490A-9578-7BFC58C9B3D6}.Release|Any CPU.ActiveCfg = Release|Any CPU
		{55A97260-70B7-490A-9578-7BFC58C9B3D6}.Release|Any CPU.Build.0 = Release|Any CPU
		{2E7B89A5-C69E-4D82-AD7F-25F49789B557}.Debug|Any CPU.ActiveCfg = Debug|Any CPU
		{2E7B89A5-C69E-4D82-AD7F-25F49789B557}.Debug|Any CPU.Build.0 = Debug|Any CPU
		{2E7B89A5-C69E-4D82-AD7F-25F49789B557}.Release|Any CPU.ActiveCfg = Release|Any CPU
		{2E7B89A5-C69E-4D82-AD7F-25F49789B557}.Release|Any CPU.Build.0 = Release|Any CPU
		{B67CD5DE-05D5-4626-9B71-9EB553A6D81F}.Debug|Any CPU.ActiveCfg = Debug|Any CPU
		{B67CD5DE-05D5-4626-9B71-9EB553A6D81F}.Debug|Any CPU.Build.0 = Debug|Any CPU
		{B67CD5DE-05D5-4626-9B71-9EB553A6D81F}.Release|Any CPU.ActiveCfg = Release|Any CPU
		{B67CD5DE-05D5-4626-9B71-9EB553A6D81F}.Release|Any CPU.Build.0 = Release|Any CPU
		{358966B2-00BD-42A8-AB46-11C4979D1C9F}.Debug|Any CPU.ActiveCfg = Debug|Any CPU
		{358966B2-00BD-42A8-AB46-11C4979D1C9F}.Debug|Any CPU.Build.0 = Debug|Any CPU
		{358966B2-00BD-42A8-AB46-11C4979D1C9F}.Release|Any CPU.ActiveCfg = Release|Any CPU
		{358966B2-00BD-42A8-AB46-11C4979D1C9F}.Release|Any CPU.Build.0 = Release|Any CPU
		{EFD8052A-C873-4A77-BBD4-218041167926}.Debug|Any CPU.ActiveCfg = Debug|Any CPU
		{EFD8052A-C873-4A77-BBD4-218041167926}.Debug|Any CPU.Build.0 = Debug|Any CPU
		{EFD8052A-C873-4A77-BBD4-218041167926}.Release|Any CPU.ActiveCfg = Release|Any CPU
		{EFD8052A-C873-4A77-BBD4-218041167926}.Release|Any CPU.Build.0 = Release|Any CPU
		{FD27CCBE-ABA5-4F00-9A69-5A3A6E45E04D}.Debug|Any CPU.ActiveCfg = Debug|Any CPU
		{FD27CCBE-ABA5-4F00-9A69-5A3A6E45E04D}.Debug|Any CPU.Build.0 = Debug|Any CPU
		{FD27CCBE-ABA5-4F00-9A69-5A3A6E45E04D}.Release|Any CPU.ActiveCfg = Release|Any CPU
		{FD27CCBE-ABA5-4F00-9A69-5A3A6E45E04D}.Release|Any CPU.Build.0 = Release|Any CPU
		{EC6AE11A-A31D-4076-9914-C68CC333986D}.Debug|Any CPU.ActiveCfg = Debug|Any CPU
		{EC6AE11A-A31D-4076-9914-C68CC333986D}.Debug|Any CPU.Build.0 = Debug|Any CPU
		{EC6AE11A-A31D-4076-9914-C68CC333986D}.Release|Any CPU.ActiveCfg = Release|Any CPU
		{EC6AE11A-A31D-4076-9914-C68CC333986D}.Release|Any CPU.Build.0 = Release|Any CPU
		{C8C5D36D-BE57-4596-97BC-D747F934B39E}.Debug|Any CPU.ActiveCfg = Debug|Any CPU
		{C8C5D36D-BE57-4596-97BC-D747F934B39E}.Debug|Any CPU.Build.0 = Debug|Any CPU
		{C8C5D36D-BE57-4596-97BC-D747F934B39E}.Release|Any CPU.ActiveCfg = Release|Any CPU
		{C8C5D36D-BE57-4596-97BC-D747F934B39E}.Release|Any CPU.Build.0 = Release|Any CPU
		{7291A6FE-858F-4ABC-8FE4-543083AE6EA4}.Debug|Any CPU.ActiveCfg = Debug|Any CPU
		{7291A6FE-858F-4ABC-8FE4-543083AE6EA4}.Debug|Any CPU.Build.0 = Debug|Any CPU
		{7291A6FE-858F-4ABC-8FE4-543083AE6EA4}.Release|Any CPU.ActiveCfg = Release|Any CPU
		{7291A6FE-858F-4ABC-8FE4-543083AE6EA4}.Release|Any CPU.Build.0 = Release|Any CPU
		{3318EBAA-85D2-457D-98C3-6A9139160DF7}.Debug|Any CPU.ActiveCfg = Debug|Any CPU
		{3318EBAA-85D2-457D-98C3-6A9139160DF7}.Debug|Any CPU.Build.0 = Debug|Any CPU
		{3318EBAA-85D2-457D-98C3-6A9139160DF7}.Release|Any CPU.ActiveCfg = Release|Any CPU
		{3318EBAA-85D2-457D-98C3-6A9139160DF7}.Release|Any CPU.Build.0 = Release|Any CPU
		{C826340A-31C9-4CF8-9256-0B4F9C62126B}.Debug|Any CPU.ActiveCfg = Debug|Any CPU
		{C826340A-31C9-4CF8-9256-0B4F9C62126B}.Debug|Any CPU.Build.0 = Debug|Any CPU
		{C826340A-31C9-4CF8-9256-0B4F9C62126B}.Release|Any CPU.ActiveCfg = Release|Any CPU
		{C826340A-31C9-4CF8-9256-0B4F9C62126B}.Release|Any CPU.Build.0 = Release|Any CPU
	EndGlobalSection
	GlobalSection(SolutionProperties) = preSolution
		HideSolutionNode = FALSE
	EndGlobalSection
	GlobalSection(ExtensibilityGlobals) = postSolution
		SolutionGuid = {3C31E0F8-78F5-4233-9E5F-B8C28EE63861}
	EndGlobalSection
EndGlobal
